
Microsoft Visual Studio Solution File, Format Version 12.00
# Visual Studio Version 17
VisualStudioVersion = 17.3.32929.385
MinimumVisualStudioVersion = 10.0.40219.1
Project("{9A19103F-16F7-4668-BE54-9A1E7A4F7556}") = "PH.ApiDotNet6.Domain", "PH.ApiDotNet6.Domain\PH.ApiDotNet6.Domain.csproj", "{125031F3-9049-412F-BF15-DC52C7752BF5}"
EndProject
Project("{FAE04EC0-301F-11D3-BF4B-00C04F79EFBC}") = "PH.ApiDotNet6.Infra.Data", "PH.ApiDotNet6.Infra.Data\PH.ApiDotNet6.Infra.Data.csproj", "{5C915630-5170-4F02-9949-A0AE9786CBFD}"
EndProject
Project("{FAE04EC0-301F-11D3-BF4B-00C04F79EFBC}") = "MP.ApiDotNet6.Application", "MP.ApiDotNet6.Application\MP.ApiDotNet6.Application.csproj", "{3D9243AF-A175-4D8C-9718-B78422D7EE17}"
EndProject
Project("{FAE04EC0-301F-11D3-BF4B-00C04F79EFBC}") = "PH.ApiDotNet6.Infra.IoC", "PH.ApiDotNet6.Infra.IoC\PH.ApiDotNet6.Infra.IoC.csproj", "{3AE6CC89-E5DB-4C28-9B55-ADC991150FAA}"
EndProject
Project("{FAE04EC0-301F-11D3-BF4B-00C04F79EFBC}") = "PH.ApiDotNet6.Api", "PH.ApiDotNet6.Api\PH.ApiDotNet6.Api.csproj", "{9703EF11-B903-4FA5-BC6C-3B296ADD13FD}"
EndProject
Global
	GlobalSection(SolutionConfigurationPlatforms) = preSolution
		Debug|Any CPU = Debug|Any CPU
		Release|Any CPU = Release|Any CPU
	EndGlobalSection
	GlobalSection(ProjectConfigurationPlatforms) = postSolution
		{125031F3-9049-412F-BF15-DC52C7752BF5}.Debug|Any CPU.ActiveCfg = Debug|Any CPU
		{125031F3-9049-412F-BF15-DC52C7752BF5}.Debug|Any CPU.Build.0 = Debug|Any CPU
		{125031F3-9049-412F-BF15-DC52C7752BF5}.Release|Any CPU.ActiveCfg = Release|Any CPU
		{125031F3-9049-412F-BF15-DC52C7752BF5}.Release|Any CPU.Build.0 = Release|Any CPU
		{5C915630-5170-4F02-9949-A0AE9786CBFD}.Debug|Any CPU.ActiveCfg = Debug|Any CPU
		{5C915630-5170-4F02-9949-A0AE9786CBFD}.Debug|Any CPU.Build.0 = Debug|Any CPU
		{5C915630-5170-4F02-9949-A0AE9786CBFD}.Release|Any CPU.ActiveCfg = Release|Any CPU
		{5C915630-5170-4F02-9949-A0AE9786CBFD}.Release|Any CPU.Build.0 = Release|Any CPU
		{3D9243AF-A175-4D8C-9718-B78422D7EE17}.Debug|Any CPU.ActiveCfg = Debug|Any CPU
		{3D9243AF-A175-4D8C-9718-B78422D7EE17}.Debug|Any CPU.Build.0 = Debug|Any CPU
		{3D9243AF-A175-4D8C-9718-B78422D7EE17}.Release|Any CPU.ActiveCfg = Release|Any CPU
		{3D9243AF-A175-4D8C-9718-B78422D7EE17}.Release|Any CPU.Build.0 = Release|Any CPU
		{3AE6CC89-E5DB-4C28-9B55-ADC991150FAA}.Debug|Any CPU.ActiveCfg = Debug|Any CPU
		{3AE6CC89-E5DB-4C28-9B55-ADC991150FAA}.Debug|Any CPU.Build.0 = Debug|Any CPU
		{3AE6CC89-E5DB-4C28-9B55-ADC991150FAA}.Release|Any CPU.ActiveCfg = Release|Any CPU
		{3AE6CC89-E5DB-4C28-9B55-ADC991150FAA}.Release|Any CPU.Build.0 = Release|Any CPU
		{9703EF11-B903-4FA5-BC6C-3B296ADD13FD}.Debug|Any CPU.ActiveCfg = Debug|Any CPU
		{9703EF11-B903-4FA5-BC6C-3B296ADD13FD}.Debug|Any CPU.Build.0 = Debug|Any CPU
		{9703EF11-B903-4FA5-BC6C-3B296ADD13FD}.Release|Any CPU.ActiveCfg = Release|Any CPU
		{9703EF11-B903-4FA5-BC6C-3B296ADD13FD}.Release|Any CPU.Build.0 = Release|Any CPU
	EndGlobalSection
	GlobalSection(SolutionProperties) = preSolution
		HideSolutionNode = FALSE
	EndGlobalSection
	GlobalSection(ExtensibilityGlobals) = postSolution
		SolutionGuid = {0B2F29DC-6EB8-4EB9-A8F4-B6F71BE676B8}
	EndGlobalSection
EndGlobal
